
Microsoft Visual Studio Solution File, Format Version 12.00
# Visual Studio Version 16
VisualStudioVersion = 16.0.29025.244
MinimumVisualStudioVersion = 10.0.40219.1
Project("{2150E333-8FDC-42A3-9474-1A3956D46DE8}") = "01_Infrastructure", "01_Infrastructure", "{B3A77920-696A-4A78-B5D1-78C7F19390FC}"
EndProject
Project("{2150E333-8FDC-42A3-9474-1A3956D46DE8}") = "02_Data", "02_Data", "{22014277-5848-4732-BFB3-E276091B1DC4}"
EndProject
Project("{2150E333-8FDC-42A3-9474-1A3956D46DE8}") = "03_Service", "03_Service", "{480B1A98-305A-43A0-B988-8A7B83724627}"
EndProject
Project("{2150E333-8FDC-42A3-9474-1A3956D46DE8}") = "04_Web", "04_Web", "{273C1103-6704-48CC-A8C5-1B1F109BEC76}"
EndProject
Project("{2150E333-8FDC-42A3-9474-1A3956D46DE8}") = "00New", "00New", "{08D8D7A9-861C-465A-A63C-CEAB342B9C0C}"
	ProjectSection(SolutionItems) = preProject
		CodeFirst.txt = CodeFirst.txt
	EndProjectSection
EndProject
Project("{9A19103F-16F7-4668-BE54-9A1E7A4F7556}") = "DUWENINK.Core.Infrastructure", "DUWENINK.Core.Infrastructure\DUWENINK.Core.Infrastructure.csproj", "{D5EF0B3B-773C-4946-AFB6-2272C07B66C7}"
EndProject
Project("{9A19103F-16F7-4668-BE54-9A1E7A4F7556}") = "DUWENINK.Core.Data", "DUWENINK.Core.Data\DUWENINK.Core.Data.csproj", "{373D2B22-7DD5-4095-BE93-5EC0E7F207FD}"
EndProject
Project("{9A19103F-16F7-4668-BE54-9A1E7A4F7556}") = "DUWENINK.Core.Interfaces", "DUWENINK.Core.Interfaces\DUWENINK.Core.Interfaces.csproj", "{85896C89-9A84-4421-AE70-25DD444E418E}"
EndProject
Project("{9A19103F-16F7-4668-BE54-9A1E7A4F7556}") = "DUWENINK.Core.Models", "DUWENINK.Core.Models\DUWENINK.Core.Models.csproj", "{202B0ECE-BC61-45D0-BCE3-EC1CE411B3EE}"
EndProject
Project("{9A19103F-16F7-4668-BE54-9A1E7A4F7556}") = "DUWENINK.Core.Services", "DUWENINK.Core.Services\DUWENINK.Core.Services.csproj", "{85E9784F-6FD9-405D-B0FF-1FF80C1794F7}"
EndProject
Project("{9A19103F-16F7-4668-BE54-9A1E7A4F7556}") = "DUWENINK.Core.Web", "DUWENINK.Core.Web\DUWENINK.Core.Web.csproj", "{DC3C2040-A3AF-4521-9795-EE59A91AC385}"
EndProject
Project("{2150E333-8FDC-42A3-9474-1A3956D46DE8}") = "05_ExtraSDK", "05_ExtraSDK", "{ED6DE014-7A66-4031-938C-CB8745BA85A7}"
EndProject
Project("{9A19103F-16F7-4668-BE54-9A1E7A4F7556}") = "DUWENINK.Core.Extensions", "DUWENINK.Core.Extensions\DUWENINK.Core.Extensions.csproj", "{5D9804C5-9F19-43DF-922B-37644A483E0E}"
EndProject
Project("{9A19103F-16F7-4668-BE54-9A1E7A4F7556}") = "DUWENINK.Core.Weixin.SDK", "DUWENINK.Core.Weixin.SDK\DUWENINK.Core.Weixin.SDK.csproj", "{9137A03A-3BA6-48F9-8065-E43C74AACDDF}"
EndProject
Global
	GlobalSection(SolutionConfigurationPlatforms) = preSolution
		Debug|Any CPU = Debug|Any CPU
		Release|Any CPU = Release|Any CPU
	EndGlobalSection
	GlobalSection(ProjectConfigurationPlatforms) = postSolution
		{D5EF0B3B-773C-4946-AFB6-2272C07B66C7}.Debug|Any CPU.ActiveCfg = Debug|Any CPU
		{D5EF0B3B-773C-4946-AFB6-2272C07B66C7}.Debug|Any CPU.Build.0 = Debug|Any CPU
		{D5EF0B3B-773C-4946-AFB6-2272C07B66C7}.Release|Any CPU.ActiveCfg = Release|Any CPU
		{D5EF0B3B-773C-4946-AFB6-2272C07B66C7}.Release|Any CPU.Build.0 = Release|Any CPU
		{373D2B22-7DD5-4095-BE93-5EC0E7F207FD}.Debug|Any CPU.ActiveCfg = Debug|Any CPU
		{373D2B22-7DD5-4095-BE93-5EC0E7F207FD}.Debug|Any CPU.Build.0 = Debug|Any CPU
		{373D2B22-7DD5-4095-BE93-5EC0E7F207FD}.Release|Any CPU.ActiveCfg = Release|Any CPU
		{373D2B22-7DD5-4095-BE93-5EC0E7F207FD}.Release|Any CPU.Build.0 = Release|Any CPU
		{85896C89-9A84-4421-AE70-25DD444E418E}.Debug|Any CPU.ActiveCfg = Debug|Any CPU
		{85896C89-9A84-4421-AE70-25DD444E418E}.Debug|Any CPU.Build.0 = Debug|Any CPU
		{85896C89-9A84-4421-AE70-25DD444E418E}.Release|Any CPU.ActiveCfg = Release|Any CPU
		{85896C89-9A84-4421-AE70-25DD444E418E}.Release|Any CPU.Build.0 = Release|Any CPU
		{202B0ECE-BC61-45D0-BCE3-EC1CE411B3EE}.Debug|Any CPU.ActiveCfg = Debug|Any CPU
		{202B0ECE-BC61-45D0-BCE3-EC1CE411B3EE}.Debug|Any CPU.Build.0 = Debug|Any CPU
		{202B0ECE-BC61-45D0-BCE3-EC1CE411B3EE}.Release|Any CPU.ActiveCfg = Release|Any CPU
		{202B0ECE-BC61-45D0-BCE3-EC1CE411B3EE}.Release|Any CPU.Build.0 = Release|Any CPU
		{85E9784F-6FD9-405D-B0FF-1FF80C1794F7}.Debug|Any CPU.ActiveCfg = Debug|Any CPU
		{85E9784F-6FD9-405D-B0FF-1FF80C1794F7}.Debug|Any CPU.Build.0 = Debug|Any CPU
		{85E9784F-6FD9-405D-B0FF-1FF80C1794F7}.Release|Any CPU.ActiveCfg = Release|Any CPU
		{85E9784F-6FD9-405D-B0FF-1FF80C1794F7}.Release|Any CPU.Build.0 = Release|Any CPU
		{DC3C2040-A3AF-4521-9795-EE59A91AC385}.Debug|Any CPU.ActiveCfg = Debug|Any CPU
		{DC3C2040-A3AF-4521-9795-EE59A91AC385}.Debug|Any CPU.Build.0 = Debug|Any CPU
		{DC3C2040-A3AF-4521-9795-EE59A91AC385}.Release|Any CPU.ActiveCfg = Release|Any CPU
		{DC3C2040-A3AF-4521-9795-EE59A91AC385}.Release|Any CPU.Build.0 = Release|Any CPU
		{5D9804C5-9F19-43DF-922B-37644A483E0E}.Debug|Any CPU.ActiveCfg = Debug|Any CPU
		{5D9804C5-9F19-43DF-922B-37644A483E0E}.Debug|Any CPU.Build.0 = Debug|Any CPU
		{5D9804C5-9F19-43DF-922B-37644A483E0E}.Release|Any CPU.ActiveCfg = Release|Any CPU
		{5D9804C5-9F19-43DF-922B-37644A483E0E}.Release|Any CPU.Build.0 = Release|Any CPU
		{9137A03A-3BA6-48F9-8065-E43C74AACDDF}.Debug|Any CPU.ActiveCfg = Debug|Any CPU
		{9137A03A-3BA6-48F9-8065-E43C74AACDDF}.Debug|Any CPU.Build.0 = Debug|Any CPU
		{9137A03A-3BA6-48F9-8065-E43C74AACDDF}.Release|Any CPU.ActiveCfg = Release|Any CPU
		{9137A03A-3BA6-48F9-8065-E43C74AACDDF}.Release|Any CPU.Build.0 = Release|Any CPU
	EndGlobalSection
	GlobalSection(SolutionProperties) = preSolution
		HideSolutionNode = FALSE
	EndGlobalSection
	GlobalSection(NestedProjects) = preSolution
		{D5EF0B3B-773C-4946-AFB6-2272C07B66C7} = {B3A77920-696A-4A78-B5D1-78C7F19390FC}
		{373D2B22-7DD5-4095-BE93-5EC0E7F207FD} = {22014277-5848-4732-BFB3-E276091B1DC4}
		{85896C89-9A84-4421-AE70-25DD444E418E} = {480B1A98-305A-43A0-B988-8A7B83724627}
		{202B0ECE-BC61-45D0-BCE3-EC1CE411B3EE} = {480B1A98-305A-43A0-B988-8A7B83724627}
		{85E9784F-6FD9-405D-B0FF-1FF80C1794F7} = {480B1A98-305A-43A0-B988-8A7B83724627}
		{DC3C2040-A3AF-4521-9795-EE59A91AC385} = {273C1103-6704-48CC-A8C5-1B1F109BEC76}
		{5D9804C5-9F19-43DF-922B-37644A483E0E} = {480B1A98-305A-43A0-B988-8A7B83724627}
		{9137A03A-3BA6-48F9-8065-E43C74AACDDF} = {ED6DE014-7A66-4031-938C-CB8745BA85A7}
	EndGlobalSection
	GlobalSection(ExtensibilityGlobals) = postSolution
		SolutionGuid = {F8A11720-C691-42D2-B327-53E64C519166}
	EndGlobalSection
EndGlobal
